
Microsoft Visual Studio Solution File, Format Version 12.00
# Visual Studio 15
VisualStudioVersion = 15.0.28010.2046
MinimumVisualStudioVersion = 10.0.40219.1
Project("{FAE04EC0-301F-11D3-BF4B-00C04F79EFBC}") = "TravelExpertsWebsite_ASPMVC", "TravelExpertsWebsite_ASPMVC\TravelExpertsWebsite_ASPMVC.csproj", "{ED739BF7-A4F0-4A7D-BE52-B11A49A40AD1}"
EndProject
Global
	GlobalSection(SolutionConfigurationPlatforms) = preSolution
		Debug|Any CPU = Debug|Any CPU
		Release|Any CPU = Release|Any CPU
	EndGlobalSection
	GlobalSection(ProjectConfigurationPlatforms) = postSolution
		{ED739BF7-A4F0-4A7D-BE52-B11A49A40AD1}.Debug|Any CPU.ActiveCfg = Debug|Any CPU
		{ED739BF7-A4F0-4A7D-BE52-B11A49A40AD1}.Debug|Any CPU.Build.0 = Debug|Any CPU
		{ED739BF7-A4F0-4A7D-BE52-B11A49A40AD1}.Release|Any CPU.ActiveCfg = Release|Any CPU
		{ED739BF7-A4F0-4A7D-BE52-B11A49A40AD1}.Release|Any CPU.Build.0 = Release|Any CPU
	EndGlobalSection
	GlobalSection(SolutionProperties) = preSolution
		HideSolutionNode = FALSE
	EndGlobalSection
	GlobalSection(ExtensibilityGlobals) = postSolution
		SolutionGuid = {D176E34F-09FB-41DF-AF73-8C73F848867B}
	EndGlobalSection
EndGlobal
